
Microsoft Visual Studio Solution File, Format Version 12.00
# Visual Studio Version 16
VisualStudioVersion = 16.0.29721.120
MinimumVisualStudioVersion = 10.0.40219.1
Project("{FAE04EC0-301F-11D3-BF4B-00C04F79EFBC}") = "openssl-wizard", "openssl-wizard.csproj", "{97BBEB7E-ED24-4AD9-982C-66E67F43A3DE}"
EndProject
Global
	GlobalSection(SolutionConfigurationPlatforms) = preSolution
		Debug|Any CPU = Debug|Any CPU
		Release|Any CPU = Release|Any CPU
	EndGlobalSection
	GlobalSection(ProjectConfigurationPlatforms) = postSolution
		{97BBEB7E-ED24-4AD9-982C-66E67F43A3DE}.Debug|Any CPU.ActiveCfg = Debug|Any CPU
		{97BBEB7E-ED24-4AD9-982C-66E67F43A3DE}.Debug|Any CPU.Build.0 = Debug|Any CPU
		{97BBEB7E-ED24-4AD9-982C-66E67F43A3DE}.Release|Any CPU.ActiveCfg = Release|Any CPU
		{97BBEB7E-ED24-4AD9-982C-66E67F43A3DE}.Release|Any CPU.Build.0 = Release|Any CPU
	EndGlobalSection
	GlobalSection(SolutionProperties) = preSolution
		HideSolutionNode = FALSE
	EndGlobalSection
	GlobalSection(ExtensibilityGlobals) = postSolution
		SolutionGuid = {56AC4225-5462-4429-81F8-70167A3C6F1E}
	EndGlobalSection
EndGlobal
